
Microsoft Visual Studio Solution File, Format Version 12.00
# Visual Studio Version 16
VisualStudioVersion = 16.0.29709.97
MinimumVisualStudioVersion = 10.0.40219.1
Project("{159641D6-6404-4A2A-AE62-294DE0FE8301}") = "ETL call_center", "ETL call_center\ETL call_center.dtproj", "{A92F5111-9A20-479C-B45F-5C9909B31687}"
EndProject
Global
	GlobalSection(SolutionConfigurationPlatforms) = preSolution
		Development|Default = Development|Default
	EndGlobalSection
	GlobalSection(ProjectConfigurationPlatforms) = postSolution
		{A92F5111-9A20-479C-B45F-5C9909B31687}.Development|Default.ActiveCfg = Development
		{A92F5111-9A20-479C-B45F-5C9909B31687}.Development|Default.Build.0 = Development
	EndGlobalSection
	GlobalSection(SolutionProperties) = preSolution
		HideSolutionNode = FALSE
	EndGlobalSection
	GlobalSection(ExtensibilityGlobals) = postSolution
		SolutionGuid = {E18127AE-06DE-4B9B-B3DF-23038152F049}
	EndGlobalSection
EndGlobal
